
Microsoft Visual Studio Solution File, Format Version 12.00
# Visual Studio Version 16
VisualStudioVersion = 16.0.30204.135
MinimumVisualStudioVersion = 10.0.40219.1
Project("{FAE04EC0-301F-11D3-BF4B-00C04F79EFBC}") = "IdentityJWT", "IdentityJWT\IdentityJWT.csproj", "{20632110-567D-4752-AE96-1EE244F43B13}"
EndProject
Global
	GlobalSection(SolutionConfigurationPlatforms) = preSolution
		Debug|Any CPU = Debug|Any CPU
		Release|Any CPU = Release|Any CPU
	EndGlobalSection
	GlobalSection(ProjectConfigurationPlatforms) = postSolution
		{20632110-567D-4752-AE96-1EE244F43B13}.Debug|Any CPU.ActiveCfg = Debug|Any CPU
		{20632110-567D-4752-AE96-1EE244F43B13}.Debug|Any CPU.Build.0 = Debug|Any CPU
		{20632110-567D-4752-AE96-1EE244F43B13}.Release|Any CPU.ActiveCfg = Release|Any CPU
		{20632110-567D-4752-AE96-1EE244F43B13}.Release|Any CPU.Build.0 = Release|Any CPU
	EndGlobalSection
	GlobalSection(SolutionProperties) = preSolution
		HideSolutionNode = FALSE
	EndGlobalSection
	GlobalSection(ExtensibilityGlobals) = postSolution
		SolutionGuid = {42A0B838-4078-40B9-9BDE-25AC6675325A}
	EndGlobalSection
EndGlobal
